
Microsoft Visual Studio Solution File, Format Version 12.00
# Visual Studio Version 16
VisualStudioVersion = 16.0.33027.164
MinimumVisualStudioVersion = 10.0.40219.1
Project("{FAE04EC0-301F-11D3-BF4B-00C04F79EFBC}") = "QLBD_1", "QLBD_1\QLBD_1.csproj", "{944C49BD-22B8-4F47-87F3-35890D3882C6}"
EndProject
Project("{54435603-DBB4-11D2-8724-00A0C9A8B90C}") = "QLBD(Khoi_Nhan)", "QLBD(Khoi_Nhan)\QLBD(Khoi_Nhan).vdproj", "{79F85D69-A2AE-4E96-AFC1-3BC6D49CDFE2}"
EndProject
Global
	GlobalSection(SolutionConfigurationPlatforms) = preSolution
		Debug|Any CPU = Debug|Any CPU
		Release|Any CPU = Release|Any CPU
	EndGlobalSection
	GlobalSection(ProjectConfigurationPlatforms) = postSolution
		{944C49BD-22B8-4F47-87F3-35890D3882C6}.Debug|Any CPU.ActiveCfg = Debug|Any CPU
		{944C49BD-22B8-4F47-87F3-35890D3882C6}.Debug|Any CPU.Build.0 = Debug|Any CPU
		{944C49BD-22B8-4F47-87F3-35890D3882C6}.Release|Any CPU.ActiveCfg = Release|Any CPU
		{944C49BD-22B8-4F47-87F3-35890D3882C6}.Release|Any CPU.Build.0 = Release|Any CPU
		{79F85D69-A2AE-4E96-AFC1-3BC6D49CDFE2}.Debug|Any CPU.ActiveCfg = Debug
		{79F85D69-A2AE-4E96-AFC1-3BC6D49CDFE2}.Release|Any CPU.ActiveCfg = Release
	EndGlobalSection
	GlobalSection(SolutionProperties) = preSolution
		HideSolutionNode = FALSE
	EndGlobalSection
	GlobalSection(ExtensibilityGlobals) = postSolution
		SolutionGuid = {680660F1-5471-4BB7-8BF5-6DB2C1356DAF}
	EndGlobalSection
EndGlobal
